
Microsoft Visual Studio Solution File, Format Version 12.00
# Visual Studio Version 16
VisualStudioVersion = 16.0.31205.134
MinimumVisualStudioVersion = 10.0.40219.1
Project("{FAE04EC0-301F-11D3-BF4B-00C04F79EFBC}") = "Grupo6.WebSite", "Grupo6.WebSite\Grupo6.WebSite.csproj", "{0C44D66E-C685-4AAE-9205-B67585213180}"
EndProject
Global
	GlobalSection(SolutionConfigurationPlatforms) = preSolution
		Debug|Any CPU = Debug|Any CPU
		Release|Any CPU = Release|Any CPU
	EndGlobalSection
	GlobalSection(ProjectConfigurationPlatforms) = postSolution
		{0C44D66E-C685-4AAE-9205-B67585213180}.Debug|Any CPU.ActiveCfg = Debug|Any CPU
		{0C44D66E-C685-4AAE-9205-B67585213180}.Debug|Any CPU.Build.0 = Debug|Any CPU
		{0C44D66E-C685-4AAE-9205-B67585213180}.Release|Any CPU.ActiveCfg = Release|Any CPU
		{0C44D66E-C685-4AAE-9205-B67585213180}.Release|Any CPU.Build.0 = Release|Any CPU
	EndGlobalSection
	GlobalSection(SolutionProperties) = preSolution
		HideSolutionNode = FALSE
	EndGlobalSection
	GlobalSection(ExtensibilityGlobals) = postSolution
		SolutionGuid = {EEE124B9-AF9B-46A2-837C-3E3C2DDEBF0C}
	EndGlobalSection
EndGlobal
